<?xml version="1.0" encoding="utf-8"?>
<Project ToolsVersion="4.0" xmlns="http://schemas.microsoft.com/developer/msbuild/2003">
  <ItemGroup>
    <Filter Include="Source Files">
      <UniqueIdentifier>{4FC737F1-C7A5-4376-A066-2A32D752A2FF}</UniqueIdentifier>
      <Extensions>cpp;c;cc;cxx;def;odl;idl;hpj;bat;asm;asmx</Extensions>
    </Filter>
    <Filter Include="Header Files">
      <UniqueIdentifier>{93995380-89BD-4b04-88EB-625FBE52EBFB}</UniqueIdentifier>
      <Extensions>h;hh;hpp;hxx;hm;inl;inc;xsd</Extensions>
    </Filter>
    <Filter Include="Resource Files">
      <UniqueIdentifier>{67DA6AB6-F800-4c08-8B7A-83BB121AAD01}</UniqueIdentifier>
      <Extensions>rc;ico;cur;bmp;dlg;rc2;rct;bin;rgs;gif;jpg;jpeg;jpe;resx;tiff;tif;png;wav;mfcribbon-ms</Extensions>
    </Filter>
  </ItemGroup>
  <ItemGroup>
    <ClCompile Include="Matrix.cpp">
      <Filter>Source Files</Filter>
    </ClCompile>
    <ClCompile Include="Main.cpp">
      <Filter>Source Files</Filter>
    </ClCompile>
    <ClCompile Include="ThreeStepSearch.cpp">
      <Filter>Source Files</Filter>
    </ClCompile>
  </ItemGroup>
  <ItemGroup>
    <ClInclude Include="Matrix.h">
      <Filter>Header Files</Filter>
    </ClInclude>
    <ClInclude Include="ThreeStepSearch.h">
      <Filter>Header Files</Filter>
    </ClInclude>
    <ClInclude Include="..\opencv\sources\include\opencv\cv.h">
      <Filter>Header Files</Filter>
    </ClInclude>
  </ItemGroup>
  <ItemGroup>
    <Text Include="..\Debug\Frame Data\Frame 8.txt">
      <Filter>Resource Files</Filter>
    </Text>
    <Text Include="..\Debug\Frame Data\Frame 9.txt">
      <Filter>Resource Files</Filter>
    </Text>
    <Text Include="..\Debug\Frame Data\Frame 10.txt">
      <Filter>Resource Files</Filter>
    </Text>
    <Text Include="..\Debug\Frame Data\Frame 11.txt">
      <Filter>Resource Files</Filter>
    </Text>
    <Text Include="..\Debug\Frame Data\Frame 12.txt">
      <Filter>Resource Files</Filter>
    </Text>
    <Text Include="..\Debug\Frame Data\Frame 13.txt">
      <Filter>Resource Files</Filter>
    </Text>
    <Text Include="..\Debug\Frame Data\Frame 14.txt">
      <Filter>Resource Files</Filter>
    </Text>
    <Text Include="..\Debug\Frame Data\Frame 15.txt">
      <Filter>Resource Files</Filter>
    </Text>
    <Text Include="..\Debug\Frame Data\Frame 16.txt">
      <Filter>Resource Files</Filter>
    </Text>
    <Text Include="..\Debug\Frame Data\Frame 17.txt">
      <Filter>Resource Files</Filter>
    </Text>
    <Text Include="..\Debug\Frame Data\Frame 18.txt">
      <Filter>Resource Files</Filter>
    </Text>
    <Text Include="..\Debug\Frame Data\Frame 19.txt">
      <Filter>Resource Files</Filter>
    </Text>
    <Text Include="..\Debug\Frame Data\Frame 20.txt">
      <Filter>Resource Files</Filter>
    </Text>
    <Text Include="..\Debug\Frame Data\Frame 21.txt">
      <Filter>Resource Files</Filter>
    </Text>
    <Text Include="..\Debug\Frame Data\Frame 22.txt">
      <Filter>Resource Files</Filter>
    </Text>
    <Text Include="..\Debug\Frame Data\Frame 23.txt">
      <Filter>Resource Files</Filter>
    </Text>
    <Text Include="..\Debug\Frame Data\Frame 24.txt">
      <Filter>Resource Files</Filter>
    </Text>
    <Text Include="..\Debug\Frame Data\Frame 25.txt">
      <Filter>Resource Files</Filter>
    </Text>
    <Text Include="..\Debug\Frame Data\Frame 26.txt">
      <Filter>Resource Files</Filter>
    </Text>
    <Text Include="..\Debug\Frame Data\Frame 27.txt">
      <Filter>Resource Files</Filter>
    </Text>
    <Text Include="..\Debug\Frame Data\Frame 28.txt">
      <Filter>Resource Files</Filter>
    </Text>
    <Text Include="..\Debug\Frame Data\Frame 29.txt">
      <Filter>Resource Files</Filter>
    </Text>
    <Text Include="..\Debug\Frame Data\Frame 30.txt">
      <Filter>Resource Files</Filter>
    </Text>
    <Text Include="..\Debug\Frame Data\Frame 31.txt">
      <Filter>Resource Files</Filter>
    </Text>
    <Text Include="..\Debug\Frame Data\Frame 32.txt">
      <Filter>Resource Files</Filter>
    </Text>
    <Text Include="..\Debug\Frame Data\Frame 33.txt">
      <Filter>Resource Files</Filter>
    </Text>
    <Text Include="..\Debug\Frame Data\Frame 34.txt">
      <Filter>Resource Files</Filter>
    </Text>
    <Text Include="..\Debug\Frame Data\Frame 35.txt">
      <Filter>Resource Files</Filter>
    </Text>
    <Text Include="..\Debug\Frame Data\Frame 36.txt">
      <Filter>Resource Files</Filter>
    </Text>
    <Text Include="..\Debug\Frame Data\Frame 37.txt">
      <Filter>Resource Files</Filter>
    </Text>
    <Text Include="..\Debug\Frame Data\Frame 38.txt">
      <Filter>Resource Files</Filter>
    </Text>
    <Text Include="..\Debug\Frame Data\Frame 39.txt">
      <Filter>Resource Files</Filter>
    </Text>
    <Text Include="..\Debug\Frame Data\Frame 40.txt">
      <Filter>Resource Files</Filter>
    </Text>
    <Text Include="..\Debug\Frame Data\Frame 41.txt">
      <Filter>Resource Files</Filter>
    </Text>
    <Text Include="..\Debug\Frame Data\Frame 42.txt">
      <Filter>Resource Files</Filter>
    </Text>
    <Text Include="..\Debug\Frame Data\Frame 43.txt">
      <Filter>Resource Files</Filter>
    </Text>
    <Text Include="..\Debug\Frame Data\Frame 44.txt">
      <Filter>Resource Files</Filter>
    </Text>
    <Text Include="..\Debug\Frame Data\Frame 45.txt">
      <Filter>Resource Files</Filter>
    </Text>
    <Text Include="..\Debug\Frame Data\Frame 46.txt">
      <Filter>Resource Files</Filter>
    </Text>
    <Text Include="..\Debug\Frame Data\Frame 47.txt">
      <Filter>Resource Files</Filter>
    </Text>
    <Text Include="..\Debug\Frame Data\Frame 48.txt">
      <Filter>Resource Files</Filter>
    </Text>
    <Text Include="..\Debug\Frame Data\Frame 49.txt">
      <Filter>Resource Files</Filter>
    </Text>
    <Text Include="..\Debug\Frame Data\Frame 50.txt">
      <Filter>Resource Files</Filter>
    </Text>
    <Text Include="..\Debug\Frame Data\Frame 51.txt">
      <Filter>Resource Files</Filter>
    </Text>
    <Text Include="..\Debug\Frame Data\Frame 52.txt">
      <Filter>Resource Files</Filter>
    </Text>
    <Text Include="..\Debug\Frame Data\Frame 53.txt">
      <Filter>Resource Files</Filter>
    </Text>
    <Text Include="..\Debug\Frame Data\Frame 54.txt">
      <Filter>Resource Files</Filter>
    </Text>
    <Text Include="..\Debug\Frame Data\Frame 55.txt">
      <Filter>Resource Files</Filter>
    </Text>
    <Text Include="..\Debug\Frame Data\Frame 56.txt">
      <Filter>Resource Files</Filter>
    </Text>
    <Text Include="..\Debug\Frame Data\Frame 57.txt">
      <Filter>Resource Files</Filter>
    </Text>
    <Text Include="..\Debug\Frame Data\Frame 58.txt">
      <Filter>Resource Files</Filter>
    </Text>
    <Text Include="..\Debug\Frame Data\Frame 59.txt">
      <Filter>Resource Files</Filter>
    </Text>
    <Text Include="..\Debug\Frame Data\Frame 60.txt">
      <Filter>Resource Files</Filter>
    </Text>
    <Text Include="..\Debug\Frame Data\Frame 61.txt">
      <Filter>Resource Files</Filter>
    </Text>
    <Text Include="..\Debug\Frame Data\Frame 62.txt">
      <Filter>Resource Files</Filter>
    </Text>
    <Text Include="..\Debug\Frame Data\Frame 63.txt">
      <Filter>Resource Files</Filter>
    </Text>
    <Text Include="..\Debug\Frame Data\Frame 64.txt">
      <Filter>Resource Files</Filter>
    </Text>
    <Text Include="..\Debug\Frame Data\Frame 65.txt">
      <Filter>Resource Files</Filter>
    </Text>
    <Text Include="..\Debug\Frame Data\Frame 66.txt">
      <Filter>Resource Files</Filter>
    </Text>
    <Text Include="..\Debug\Frame Data\Frame 67.txt">
      <Filter>Resource Files</Filter>
    </Text>
    <Text Include="..\Debug\Frame Data\Frame 68.txt">
      <Filter>Resource Files</Filter>
    </Text>
    <Text Include="..\Debug\Frame Data\Frame 69.txt">
      <Filter>Resource Files</Filter>
    </Text>
    <Text Include="..\Debug\Frame Data\Frame 70.txt">
      <Filter>Resource Files</Filter>
    </Text>
    <Text Include="..\Debug\Frame Data\Frame 71.txt">
      <Filter>Resource Files</Filter>
    </Text>
    <Text Include="..\Debug\Frame Data\Frame 72.txt">
      <Filter>Resource Files</Filter>
    </Text>
    <Text Include="..\Debug\Frame Data\Frame 73.txt">
      <Filter>Resource Files</Filter>
    </Text>
    <Text Include="..\Debug\Frame Data\Frame 74.txt">
      <Filter>Resource Files</Filter>
    </Text>
    <Text Include="..\Debug\Frame Data\Frame 75.txt">
      <Filter>Resource Files</Filter>
    </Text>
    <Text Include="..\Debug\Frame Data\Frame 76.txt">
      <Filter>Resource Files</Filter>
    </Text>
    <Text Include="..\Debug\Frame Data\Frame 77.txt">
      <Filter>Resource Files</Filter>
    </Text>
    <Text Include="..\Debug\Frame Data\Frame 78.txt">
      <Filter>Resource Files</Filter>
    </Text>
    <Text Include="..\Debug\Frame Data\Frame 79.txt">
      <Filter>Resource Files</Filter>
    </Text>
    <Text Include="..\Debug\Frame Data\Frame 80.txt">
      <Filter>Resource Files</Filter>
    </Text>
    <Text Include="..\Debug\Frame Data\Frame 81.txt">
      <Filter>Resource Files</Filter>
    </Text>
    <Text Include="..\Debug\Frame Data\Frame 82.txt">
      <Filter>Resource Files</Filter>
    </Text>
    <Text Include="..\Debug\Frame Data\Frame 83.txt">
      <Filter>Resource Files</Filter>
    </Text>
    <Text Include="..\Debug\Frame Data\Frame 84.txt">
      <Filter>Resource Files</Filter>
    </Text>
    <Text Include="..\Debug\Frame Data\Frame 85.txt">
      <Filter>Resource Files</Filter>
    </Text>
    <Text Include="..\Debug\Frame Data\Frame 86.txt">
      <Filter>Resource Files</Filter>
    </Text>
    <Text Include="..\Debug\Frame Data\Frame 87.txt">
      <Filter>Resource Files</Filter>
    </Text>
    <Text Include="..\Debug\Frame Data\Frame 88.txt">
      <Filter>Resource Files</Filter>
    </Text>
    <Text Include="..\Debug\Frame Data\Frame 89.txt">
      <Filter>Resource Files</Filter>
    </Text>
    <Text Include="..\Debug\Frame Data\Frame 90.txt">
      <Filter>Resource Files</Filter>
    </Text>
    <Text Include="..\Debug\Frame Data\Frame 91.txt">
      <Filter>Resource Files</Filter>
    </Text>
    <Text Include="..\Debug\Frame Data\Frame 92.txt">
      <Filter>Resource Files</Filter>
    </Text>
    <Text Include="..\Debug\Frame Data\Frame 93.txt">
      <Filter>Resource Files</Filter>
    </Text>
    <Text Include="..\Debug\Frame Data\Frame 94.txt">
      <Filter>Resource Files</Filter>
    </Text>
    <Text Include="..\Debug\Frame Data\Frame 95.txt">
      <Filter>Resource Files</Filter>
    </Text>
    <Text Include="..\Debug\Frame Data\Frame 96.txt">
      <Filter>Resource Files</Filter>
    </Text>
    <Text Include="..\Debug\Frame Data\Frame 97.txt">
      <Filter>Resource Files</Filter>
    </Text>
    <Text Include="..\Debug\Frame Data\Frame 98.txt">
      <Filter>Resource Files</Filter>
    </Text>
    <Text Include="..\Debug\Frame Data\Frame 99.txt">
      <Filter>Resource Files</Filter>
    </Text>
    <Text Include="..\Debug\Frame Data\Frame 100.txt">
      <Filter>Resource Files</Filter>
    </Text>
    <Text Include="..\Debug\Frame Data\Frame 101.txt">
      <Filter>Resource Files</Filter>
    </Text>
    <Text Include="..\Debug\Frame Data\Frame 102.txt">
      <Filter>Resource Files</Filter>
    </Text>
    <Text Include="..\Debug\Frame Data\Frame 103.txt">
      <Filter>Resource Files</Filter>
    </Text>
    <Text Include="..\Debug\Frame Data\Frame 104.txt">
      <Filter>Resource Files</Filter>
    </Text>
    <Text Include="..\Debug\Frame Data\Frame 105.txt">
      <Filter>Resource Files</Filter>
    </Text>
    <Text Include="..\Debug\Frame Data\Frame 106.txt">
      <Filter>Resource Files</Filter>
    </Text>
    <Text Include="..\Debug\Frame Data\Frame 107.txt">
      <Filter>Resource Files</Filter>
    </Text>
    <Text Include="..\Debug\Frame Data\Frame 108.txt">
      <Filter>Resource Files</Filter>
    </Text>
    <Text Include="..\Debug\Frame Data\Frame 109.txt">
      <Filter>Resource Files</Filter>
    </Text>
    <Text Include="..\Debug\Frame Data\Frame 110.txt">
      <Filter>Resource Files</Filter>
    </Text>
    <Text Include="..\Debug\Frame Data\Frame 111.txt">
      <Filter>Resource Files</Filter>
    </Text>
    <Text Include="..\Debug\Frame Data\Frame 112.txt">
      <Filter>Resource Files</Filter>
    </Text>
    <Text Include="..\Debug\Frame Data\Frame 113.txt">
      <Filter>Resource Files</Filter>
    </Text>
    <Text Include="..\Debug\Frame Data\Frame 114.txt">
      <Filter>Resource Files</Filter>
    </Text>
    <Text Include="..\Debug\Frame Data\Frame 115.txt">
      <Filter>Resource Files</Filter>
    </Text>
    <Text Include="..\Debug\Frame Data\Frame 116.txt">
      <Filter>Resource Files</Filter>
    </Text>
    <Text Include="..\Debug\Frame Data\Frame 117.txt">
      <Filter>Resource Files</Filter>
    </Text>
    <Text Include="..\Debug\Frame Data\Frame 118.txt">
      <Filter>Resource Files</Filter>
    </Text>
    <Text Include="..\Debug\Frame Data\Frame 119.txt">
      <Filter>Resource Files</Filter>
    </Text>
    <Text Include="..\Debug\Frame Data\Frame 120.txt">
      <Filter>Resource Files</Filter>
    </Text>
    <Text Include="..\Debug\Frame Data\Frame 121.txt">
      <Filter>Resource Files</Filter>
    </Text>
    <Text Include="..\Debug\Frame Data\Frame 122.txt">
      <Filter>Resource Files</Filter>
    </Text>
    <Text Include="..\Debug\Frame Data\Frame 123.txt">
      <Filter>Resource Files</Filter>
    </Text>
    <Text Include="..\Debug\Frame Data\Frame 124.txt">
      <Filter>Resource Files</Filter>
    </Text>
    <Text Include="..\Debug\Frame Data\Frame 125.txt">
      <Filter>Resource Files</Filter>
    </Text>
    <Text Include="..\Debug\Frame Data\Frame 126.txt">
      <Filter>Resource Files</Filter>
    </Text>
    <Text Include="..\Debug\Frame Data\Frame 127.txt">
      <Filter>Resource Files</Filter>
    </Text>
    <Text Include="..\Debug\Frame Data\Frame 128.txt">
      <Filter>Resource Files</Filter>
    </Text>
    <Text Include="..\Debug\Frame Data\Frame 129.txt">
      <Filter>Resource Files</Filter>
    </Text>
    <Text Include="..\Debug\Frame Data\Frame 130.txt">
      <Filter>Resource Files</Filter>
    </Text>
    <Text Include="..\Debug\Frame Data\Frame 131.txt">
      <Filter>Resource Files</Filter>
    </Text>
    <Text Include="..\Debug\Frame Data\Frame 132.txt">
      <Filter>Resource Files</Filter>
    </Text>
    <Text Include="..\Debug\Frame Data\Frame 133.txt">
      <Filter>Resource Files</Filter>
    </Text>
    <Text Include="..\Debug\Frame Data\Frame 134.txt">
      <Filter>Resource Files</Filter>
    </Text>
    <Text Include="..\Debug\Frame Data\Frame 135.txt">
      <Filter>Resource Files</Filter>
    </Text>
    <Text Include="..\Debug\Frame Data\Frame 136.txt">
      <Filter>Resource Files</Filter>
    </Text>
    <Text Include="..\Debug\Frame Data\Frame 137.txt">
      <Filter>Resource Files</Filter>
    </Text>
    <Text Include="..\Debug\Frame Data\Frame 138.txt">
      <Filter>Resource Files</Filter>
    </Text>
    <Text Include="..\Debug\Frame Data\Frame 139.txt">
      <Filter>Resource Files</Filter>
    </Text>
    <Text Include="..\Debug\Frame Data\Frame 140.txt">
      <Filter>Resource Files</Filter>
    </Text>
    <Text Include="..\Debug\Frame Data\Frame 141.txt">
      <Filter>Resource Files</Filter>
    </Text>
    <Text Include="..\Debug\Frame Data\Frame 142.txt">
      <Filter>Resource Files</Filter>
    </Text>
    <Text Include="..\Debug\Frame Data\Frame 143.txt">
      <Filter>Resource Files</Filter>
    </Text>
    <Text Include="..\Debug\Frame Data\Frame 144.txt">
      <Filter>Resource Files</Filter>
    </Text>
    <Text Include="..\Debug\Frame Data\Frame 145.txt">
      <Filter>Resource Files</Filter>
    </Text>
    <Text Include="..\Debug\Frame Data\Frame 146.txt">
      <Filter>Resource Files</Filter>
    </Text>
    <Text Include="..\Debug\Frame Data\Frame 147.txt">
      <Filter>Resource Files</Filter>
    </Text>
    <Text Include="..\Debug\Frame Data\Frame 148.txt">
      <Filter>Resource Files</Filter>
    </Text>
    <Text Include="..\Debug\Frame Data\Frame 149.txt">
      <Filter>Resource Files</Filter>
    </Text>
    <Text Include="..\Debug\Frame Data\Frame 150.txt">
      <Filter>Resource Files</Filter>
    </Text>
    <Text Include="..\Debug\Frame Data\Frame 151.txt">
      <Filter>Resource Files</Filter>
    </Text>
    <Text Include="..\Debug\Frame Data\Frame 152.txt">
      <Filter>Resource Files</Filter>
    </Text>
    <Text Include="..\Debug\Frame Data\Frame 153.txt">
      <Filter>Resource Files</Filter>
    </Text>
    <Text Include="..\Debug\Frame Data\Frame 154.txt">
      <Filter>Resource Files</Filter>
    </Text>
    <Text Include="..\Debug\Frame Data\Frame 155.txt">
      <Filter>Resource Files</Filter>
    </Text>
    <Text Include="..\Debug\Frame Data\Frame 156.txt">
      <Filter>Resource Files</Filter>
    </Text>
    <Text Include="..\Debug\Frame Data\Frame 157.txt">
      <Filter>Resource Files</Filter>
    </Text>
    <Text Include="..\Debug\Frame Data\Frame 158.txt">
      <Filter>Resource Files</Filter>
    </Text>
    <Text Include="..\Debug\Frame Data\Frame 159.txt">
      <Filter>Resource Files</Filter>
    </Text>
    <Text Include="..\Debug\Frame Data\Frame 160.txt">
      <Filter>Resource Files</Filter>
    </Text>
    <Text Include="..\Debug\Frame Data\Frame 161.txt">
      <Filter>Resource Files</Filter>
    </Text>
    <Text Include="..\Debug\Frame Data\Frame 162.txt">
      <Filter>Resource Files</Filter>
    </Text>
    <Text Include="..\Debug\Frame Data\Frame 163.txt">
      <Filter>Resource Files</Filter>
    </Text>
    <Text Include="..\Debug\Frame Data\Frame 164.txt">
      <Filter>Resource Files</Filter>
    </Text>
    <Text Include="..\Debug\Frame Data\Frame 165.txt">
      <Filter>Resource Files</Filter>
    </Text>
    <Text Include="..\Debug\Frame Data\Frame 166.txt">
      <Filter>Resource Files</Filter>
    </Text>
    <Text Include="..\Debug\Frame Data\Frame 167.txt">
      <Filter>Resource Files</Filter>
    </Text>
    <Text Include="..\Debug\Frame Data\Frame 168.txt">
      <Filter>Resource Files</Filter>
    </Text>
    <Text Include="..\Debug\Frame Data\Frame 169.txt">
      <Filter>Resource Files</Filter>
    </Text>
    <Text Include="..\Debug\Frame Data\Frame 170.txt">
      <Filter>Resource Files</Filter>
    </Text>
    <Text Include="..\Debug\Frame Data\Frame 171.txt">
      <Filter>Resource Files</Filter>
    </Text>
    <Text Include="..\Debug\Frame Data\Frame 172.txt">
      <Filter>Resource Files</Filter>
    </Text>
    <Text Include="..\Debug\Frame Data\Frame 173.txt">
      <Filter>Resource Files</Filter>
    </Text>
    <Text Include="..\Debug\Frame Data\Frame 174.txt">
      <Filter>Resource Files</Filter>
    </Text>
    <Text Include="..\Debug\Frame Data\Frame 175.txt">
      <Filter>Resource Files</Filter>
    </Text>
    <Text Include="..\Debug\Frame Data\Frame 176.txt">
      <Filter>Resource Files</Filter>
    </Text>
    <Text Include="..\Debug\Frame Data\Frame 177.txt">
      <Filter>Resource Files</Filter>
    </Text>
    <Text Include="..\Debug\Frame Data\Frame 178.txt">
      <Filter>Resource Files</Filter>
    </Text>
    <Text Include="..\Debug\Frame Data\Frame 179.txt">
      <Filter>Resource Files</Filter>
    </Text>
    <Text Include="..\Debug\Frame Data\Frame 180.txt">
      <Filter>Resource Files</Filter>
    </Text>
    <Text Include="..\Debug\Frame Data\Frame 181.txt">
      <Filter>Resource Files</Filter>
    </Text>
    <Text Include="..\Debug\Frame Data\Frame 182.txt">
      <Filter>Resource Files</Filter>
    </Text>
    <Text Include="..\Debug\Frame Data\Frame 183.txt">
      <Filter>Resource Files</Filter>
    </Text>
    <Text Include="..\Debug\Frame Data\Frame 184.txt">
      <Filter>Resource Files</Filter>
    </Text>
    <Text Include="..\Debug\Frame Data\Frame 185.txt">
      <Filter>Resource Files</Filter>
    </Text>
    <Text Include="..\Debug\Frame Data\Frame 186.txt">
      <Filter>Resource Files</Filter>
    </Text>
    <Text Include="..\Debug\Frame Data\Frame 187.txt">
      <Filter>Resource Files</Filter>
    </Text>
    <Text Include="..\Debug\Frame Data\Frame 188.txt">
      <Filter>Resource Files</Filter>
    </Text>
    <Text Include="..\Debug\Frame Data\Frame 189.txt">
      <Filter>Resource Files</Filter>
    </Text>
    <Text Include="..\Debug\Frame Data\Frame 190.txt">
      <Filter>Resource Files</Filter>
    </Text>
    <Text Include="..\Debug\Frame Data\Frame 191.txt">
      <Filter>Resource Files</Filter>
    </Text>
    <Text Include="..\Debug\Frame Data\Frame 192.txt">
      <Filter>Resource Files</Filter>
    </Text>
    <Text Include="..\Debug\Frame Data\Frame 193.txt">
      <Filter>Resource Files</Filter>
    </Text>
    <Text Include="..\Debug\Frame Data\Frame 194.txt">
      <Filter>Resource Files</Filter>
    </Text>
    <Text Include="..\Debug\Frame Data\Frame 195.txt">
      <Filter>Resource Files</Filter>
    </Text>
    <Text Include="..\Debug\Frame Data\Frame 196.txt">
      <Filter>Resource Files</Filter>
    </Text>
    <Text Include="..\Debug\Frame Data\Frame 197.txt">
      <Filter>Resource Files</Filter>
    </Text>
    <Text Include="..\Debug\Frame Data\Frame 198.txt">
      <Filter>Resource Files</Filter>
    </Text>
    <Text Include="..\Debug\Frame Data\Frame 199.txt">
      <Filter>Resource Files</Filter>
    </Text>
    <Text Include="..\Debug\Frame Data\Frame 200.txt">
      <Filter>Resource Files</Filter>
    </Text>
    <Text Include="..\Debug\Frame Data\Frame 201.txt">
      <Filter>Resource Files</Filter>
    </Text>
    <Text Include="..\Debug\Frame Data\Frame 202.txt">
      <Filter>Resource Files</Filter>
    </Text>
    <Text Include="..\Debug\Frame Data\Frame 203.txt">
      <Filter>Resource Files</Filter>
    </Text>
    <Text Include="..\Debug\Frame Data\Frame 204.txt">
      <Filter>Resource Files</Filter>
    </Text>
    <Text Include="..\Debug\Frame Data\Frame 205.txt">
      <Filter>Resource Files</Filter>
    </Text>
    <Text Include="..\Debug\Frame Data\Frame 206.txt">
      <Filter>Resource Files</Filter>
    </Text>
    <Text Include="..\Debug\Frame Data\Frame 207.txt">
      <Filter>Resource Files</Filter>
    </Text>
    <Text Include="..\Debug\Frame Data\Frame 208.txt">
      <Filter>Resource Files</Filter>
    </Text>
    <Text Include="..\Debug\Frame Data\Frame 209.txt">
      <Filter>Resource Files</Filter>
    </Text>
    <Text Include="..\Debug\Frame Data\Frame 210.txt">
      <Filter>Resource Files</Filter>
    </Text>
    <Text Include="..\Debug\Frame Data\Frame 211.txt">
      <Filter>Resource Files</Filter>
    </Text>
    <Text Include="..\Debug\Frame Data\Frame 212.txt">
      <Filter>Resource Files</Filter>
    </Text>
    <Text Include="..\Debug\Frame Data\Frame 213.txt">
      <Filter>Resource Files</Filter>
    </Text>
    <Text Include="..\Debug\Frame Data\Frame 214.txt">
      <Filter>Resource Files</Filter>
    </Text>
    <Text Include="..\Debug\Frame Data\Frame 215.txt">
      <Filter>Resource Files</Filter>
    </Text>
    <Text Include="..\Debug\Frame Data\Frame 216.txt">
      <Filter>Resource Files</Filter>
    </Text>
    <Text Include="..\Debug\Frame Data\Frame 217.txt">
      <Filter>Resource Files</Filter>
    </Text>
    <Text Include="..\Debug\Frame Data\Frame 218.txt">
      <Filter>Resource Files</Filter>
    </Text>
    <Text Include="..\Debug\Frame Data\Frame 219.txt">
      <Filter>Resource Files</Filter>
    </Text>
    <Text Include="..\Debug\Frame Data\Frame 220.txt">
      <Filter>Resource Files</Filter>
    </Text>
    <Text Include="..\Debug\Frame Data\Frame 221.txt">
      <Filter>Resource Files</Filter>
    </Text>
    <Text Include="..\Debug\Frame Data\Frame 222.txt">
      <Filter>Resource Files</Filter>
    </Text>
    <Text Include="..\Debug\Frame Data\Frame 223.txt">
      <Filter>Resource Files</Filter>
    </Text>
    <Text Include="..\Debug\Frame Data\Frame 224.txt">
      <Filter>Resource Files</Filter>
    </Text>
    <Text Include="..\Debug\Frame Data\Frame 225.txt">
      <Filter>Resource Files</Filter>
    </Text>
    <Text Include="..\Debug\Frame Data\Frame 226.txt">
      <Filter>Resource Files</Filter>
    </Text>
    <Text Include="..\Debug\Frame Data\Frame 227.txt">
      <Filter>Resource Files</Filter>
    </Text>
    <Text Include="..\Debug\Frame Data\Frame 228.txt">
      <Filter>Resource Files</Filter>
    </Text>
    <Text Include="..\Debug\Frame Data\Frame 229.txt">
      <Filter>Resource Files</Filter>
    </Text>
    <Text Include="..\Debug\Frame Data\Frame 230.txt">
      <Filter>Resource Files</Filter>
    </Text>
    <Text Include="..\Debug\Frame Data\Frame 231.txt">
      <Filter>Resource Files</Filter>
    </Text>
    <Text Include="..\Debug\Frame Data\Frame 232.txt">
      <Filter>Resource Files</Filter>
    </Text>
    <Text Include="..\Debug\Frame Data\Frame 233.txt">
      <Filter>Resource Files</Filter>
    </Text>
    <Text Include="..\Debug\Frame Data\Frame 234.txt">
      <Filter>Resource Files</Filter>
    </Text>
    <Text Include="..\Debug\Frame Data\Frame 235.txt">
      <Filter>Resource Files</Filter>
    </Text>
    <Text Include="..\Debug\Frame Data\Frame 236.txt">
      <Filter>Resource Files</Filter>
    </Text>
    <Text Include="..\Debug\Frame Data\Frame 237.txt">
      <Filter>Resource Files</Filter>
    </Text>
    <Text Include="..\Debug\Frame Data\Frame 238.txt">
      <Filter>Resource Files</Filter>
    </Text>
    <Text Include="..\Debug\Frame Data\Frame 239.txt">
      <Filter>Resource Files</Filter>
    </Text>
    <Text Include="..\Debug\Frame Data\Frame 240.txt">
      <Filter>Resource Files</Filter>
    </Text>
    <Text Include="..\Debug\Frame Data\Frame 241.txt">
      <Filter>Resource Files</Filter>
    </Text>
    <Text Include="..\Debug\Frame Data\Frame 242.txt">
      <Filter>Resource Files</Filter>
    </Text>
    <Text Include="..\Debug\Frame Data\Frame 243.txt">
      <Filter>Resource Files</Filter>
    </Text>
    <Text Include="..\Debug\Frame Data\Frame 244.txt">
      <Filter>Resource Files</Filter>
    </Text>
    <Text Include="..\Debug\Frame Data\Frame 245.txt">
      <Filter>Resource Files</Filter>
    </Text>
    <Text Include="..\Debug\Frame Data\Frame 246.txt">
      <Filter>Resource Files</Filter>
    </Text>
    <Text Include="..\Debug\Frame Data\Frame 247.txt">
      <Filter>Resource Files</Filter>
    </Text>
    <Text Include="..\Debug\Frame Data\Frame 248.txt">
      <Filter>Resource Files</Filter>
    </Text>
    <Text Include="..\Debug\Frame Data\Frame 249.txt">
      <Filter>Resource Files</Filter>
    </Text>
    <Text Include="..\Debug\Frame Data\Frame 250.txt">
      <Filter>Resource Files</Filter>
    </Text>
    <Text Include="..\Debug\Frame Data\Frame 251.txt">
      <Filter>Resource Files</Filter>
    </Text>
    <Text Include="..\Debug\Frame Data\Frame 252.txt">
      <Filter>Resource Files</Filter>
    </Text>
    <Text Include="..\Debug\Frame Data\Frame 253.txt">
      <Filter>Resource Files</Filter>
    </Text>
    <Text Include="..\Debug\Frame Data\Frame 254.txt">
      <Filter>Resource Files</Filter>
    </Text>
    <Text Include="..\Debug\Frame Data\Frame 255.txt">
      <Filter>Resource Files</Filter>
    </Text>
    <Text Include="..\Debug\Frame Data\Frame 256.txt">
      <Filter>Resource Files</Filter>
    </Text>
    <Text Include="..\Debug\Frame Data\Frame 257.txt">
      <Filter>Resource Files</Filter>
    </Text>
    <Text Include="..\Debug\Frame Data\Frame 258.txt">
      <Filter>Resource Files</Filter>
    </Text>
    <Text Include="..\Debug\Frame Data\Frame 259.txt">
      <Filter>Resource Files</Filter>
    </Text>
    <Text Include="..\Debug\Frame Data\Frame 260.txt">
      <Filter>Resource Files</Filter>
    </Text>
    <Text Include="..\Debug\Frame Data\Frame 261.txt">
      <Filter>Resource Files</Filter>
    </Text>
    <Text Include="..\Debug\Frame Data\Frame 262.txt">
      <Filter>Resource Files</Filter>
    </Text>
    <Text Include="..\Debug\Frame Data\Frame 263.txt">
      <Filter>Resource Files</Filter>
    </Text>
    <Text Include="..\Debug\Frame Data\Frame 264.txt">
      <Filter>Resource Files</Filter>
    </Text>
    <Text Include="..\Debug\Frame Data\Frame 265.txt">
      <Filter>Resource Files</Filter>
    </Text>
    <Text Include="..\Debug\Frame Data\Frame 266.txt">
      <Filter>Resource Files</Filter>
    </Text>
    <Text Include="..\Debug\Frame Data\Frame 267.txt">
      <Filter>Resource Files</Filter>
    </Text>
    <Text Include="..\Debug\Frame Data\Frame 268.txt">
      <Filter>Resource Files</Filter>
    </Text>
    <Text Include="..\Debug\Frame Data\Frame 269.txt">
      <Filter>Resource Files</Filter>
    </Text>
    <Text Include="..\Debug\Frame Data\Frame 270.txt">
      <Filter>Resource Files</Filter>
    </Text>
    <Text Include="..\Debug\Frame Data\Frame 271.txt">
      <Filter>Resource Files</Filter>
    </Text>
    <Text Include="..\Debug\Frame Data\Frame 272.txt">
      <Filter>Resource Files</Filter>
    </Text>
    <Text Include="..\Debug\Frame Data\Frame 273.txt">
      <Filter>Resource Files</Filter>
    </Text>
    <Text Include="..\Debug\Frame Data\Frame 274.txt">
      <Filter>Resource Files</Filter>
    </Text>
    <Text Include="..\Debug\Frame Data\Frame 275.txt">
      <Filter>Resource Files</Filter>
    </Text>
    <Text Include="..\Debug\Frame Data\Frame 276.txt">
      <Filter>Resource Files</Filter>
    </Text>
    <Text Include="..\Debug\Frame Data\Frame 277.txt">
      <Filter>Resource Files</Filter>
    </Text>
    <Text Include="..\Debug\Frame Data\Frame 278.txt">
      <Filter>Resource Files</Filter>
    </Text>
    <Text Include="..\Debug\Frame Data\Frame 279.txt">
      <Filter>Resource Files</Filter>
    </Text>
    <Text Include="..\Debug\Frame Data\Frame 280.txt">
      <Filter>Resource Files</Filter>
    </Text>
    <Text Include="..\Debug\Frame Data\Frame 281.txt">
      <Filter>Resource Files</Filter>
    </Text>
    <Text Include="..\Debug\Frame Data\Frame 282.txt">
      <Filter>Resource Files</Filter>
    </Text>
    <Text Include="..\Debug\Frame Data\Frame 283.txt">
      <Filter>Resource Files</Filter>
    </Text>
    <Text Include="..\Debug\Frame Data\Frame 284.txt">
      <Filter>Resource Files</Filter>
    </Text>
    <Text Include="..\Debug\Frame Data\Frame 285.txt">
      <Filter>Resource Files</Filter>
    </Text>
    <Text Include="..\Debug\Frame Data\Frame 286.txt">
      <Filter>Resource Files</Filter>
    </Text>
    <Text Include="..\Debug\Frame Data\Frame 287.txt">
      <Filter>Resource Files</Filter>
    </Text>
    <Text Include="..\Debug\Frame Data\Frame 288.txt">
      <Filter>Resource Files</Filter>
    </Text>
    <Text Include="..\Debug\Frame Data\Frame 289.txt">
      <Filter>Resource Files</Filter>
    </Text>
    <Text Include="..\Debug\Frame Data\Frame 290.txt">
      <Filter>Resource Files</Filter>
    </Text>
    <Text Include="..\Debug\Frame Data\Frame 291.txt">
      <Filter>Resource Files</Filter>
    </Text>
    <Text Include="..\Debug\Frame Data\Frame 292.txt">
      <Filter>Resource Files</Filter>
    </Text>
    <Text Include="..\Debug\Frame Data\Frame 293.txt">
      <Filter>Resource Files</Filter>
    </Text>
    <Text Include="..\Debug\Frame Data\Frame 294.txt">
      <Filter>Resource Files</Filter>
    </Text>
    <Text Include="..\Debug\Frame Data\Frame 295.txt">
      <Filter>Resource Files</Filter>
    </Text>
    <Text Include="..\Debug\Frame Data\Frame 296.txt">
      <Filter>Resource Files</Filter>
    </Text>
    <Text Include="..\Debug\Frame Data\Frame 297.txt">
      <Filter>Resource Files</Filter>
    </Text>
    <Text Include="..\Debug\Frame Data\Frame 298.txt">
      <Filter>Resource Files</Filter>
    </Text>
    <Text Include="..\Debug\Frame Data\Frame 299.txt">
      <Filter>Resource Files</Filter>
    </Text>
    <Text Include="..\Debug\Frame Data\Frame 300.txt">
      <Filter>Resource Files</Filter>
    </Text>
    <Text Include="..\Debug\Frame Data\Frame 301.txt">
      <Filter>Resource Files</Filter>
    </Text>
    <Text Include="..\Debug\Frame Data\Frame 302.txt">
      <Filter>Resource Files</Filter>
    </Text>
    <Text Include="..\Debug\Frame Data\Frame 303.txt">
      <Filter>Resource Files</Filter>
    </Text>
    <Text Include="..\Debug\Frame Data\Frame 304.txt">
      <Filter>Resource Files</Filter>
    </Text>
    <Text Include="..\Debug\Frame Data\Frame 305.txt">
      <Filter>Resource Files</Filter>
    </Text>
    <Text Include="..\Debug\Frame Data\Frame 306.txt">
      <Filter>Resource Files</Filter>
    </Text>
    <Text Include="..\Debug\Frame Data\Frame 307.txt">
      <Filter>Resource Files</Filter>
    </Text>
    <Text Include="..\Debug\Frame Data\Frame 308.txt">
      <Filter>Resource Files</Filter>
    </Text>
    <Text Include="..\Debug\Frame Data\Frame 309.txt">
      <Filter>Resource Files</Filter>
    </Text>
    <Text Include="..\Debug\Frame Data\Frame 310.txt">
      <Filter>Resource Files</Filter>
    </Text>
    <Text Include="..\Debug\Frame Data\Frame 311.txt">
      <Filter>Resource Files</Filter>
    </Text>
    <Text Include="..\Debug\Frame Data\Frame 312.txt">
      <Filter>Resource Files</Filter>
    </Text>
    <Text Include="..\Debug\Frame Data\Frame 313.txt">
      <Filter>Resource Files</Filter>
    </Text>
    <Text Include="..\Debug\Frame Data\Frame 314.txt">
      <Filter>Resource Files</Filter>
    </Text>
    <Text Include="..\Debug\Frame Data\Frame 315.txt">
      <Filter>Resource Files</Filter>
    </Text>
    <Text Include="..\Debug\Frame Data\Frame 316.txt">
      <Filter>Resource Files</Filter>
    </Text>
    <Text Include="..\Debug\Frame Data\Frame 317.txt">
      <Filter>Resource Files</Filter>
    </Text>
    <Text Include="..\Debug\Frame Data\Frame 318.txt">
      <Filter>Resource Files</Filter>
    </Text>
    <Text Include="..\Debug\Frame Data\Frame 319.txt">
      <Filter>Resource Files</Filter>
    </Text>
    <Text Include="..\Debug\Frame Data\Frame 320.txt">
      <Filter>Resource Files</Filter>
    </Text>
    <Text Include="..\Debug\Frame Data\Frame 321.txt">
      <Filter>Resource Files</Filter>
    </Text>
    <Text Include="..\Debug\Frame Data\Frame 322.txt">
      <Filter>Resource Files</Filter>
    </Text>
    <Text Include="..\Debug\Frame Data\Frame 323.txt">
      <Filter>Resource Files</Filter>
    </Text>
    <Text Include="..\Debug\Frame Data\Frame 324.txt">
      <Filter>Resource Files</Filter>
    </Text>
    <Text Include="..\Debug\Frame Data\Frame 325.txt">
      <Filter>Resource Files</Filter>
    </Text>
    <Text Include="..\Debug\Frame Data\Frame 326.txt">
      <Filter>Resource Files</Filter>
    </Text>
    <Text Include="..\Debug\Frame Data\Frame 327.txt">
      <Filter>Resource Files</Filter>
    </Text>
    <Text Include="..\Debug\Frame Data\Frame 328.txt">
      <Filter>Resource Files</Filter>
    </Text>
    <Text Include="..\Debug\Frame Data\Frame 329.txt">
      <Filter>Resource Files</Filter>
    </Text>
    <Text Include="..\Debug\Frame Data\Frame 330.txt">
      <Filter>Resource Files</Filter>
    </Text>
    <Text Include="..\Debug\Frame Data\Frame 331.txt">
      <Filter>Resource Files</Filter>
    </Text>
    <Text Include="..\Debug\Frame Data\Frame 332.txt">
      <Filter>Resource Files</Filter>
    </Text>
    <Text Include="..\Debug\Frame Data\Frame 333.txt">
      <Filter>Resource Files</Filter>
    </Text>
    <Text Include="..\Debug\Frame Data\Frame 334.txt">
      <Filter>Resource Files</Filter>
    </Text>
    <Text Include="..\Debug\Frame Data\Frame 335.txt">
      <Filter>Resource Files</Filter>
    </Text>
    <Text Include="..\Debug\Frame Data\Frame 336.txt">
      <Filter>Resource Files</Filter>
    </Text>
    <Text Include="..\Debug\Frame Data\Frame 337.txt">
      <Filter>Resource Files</Filter>
    </Text>
    <Text Include="..\Debug\Frame Data\Frame 338.txt">
      <Filter>Resource Files</Filter>
    </Text>
    <Text Include="..\Debug\Frame Data\Frame 339.txt">
      <Filter>Resource Files</Filter>
    </Text>
    <Text Include="..\Debug\Frame Data\Frame 340.txt">
      <Filter>Resource Files</Filter>
    </Text>
    <Text Include="..\Debug\Frame Data\Frame 341.txt">
      <Filter>Resource Files</Filter>
    </Text>
    <Text Include="..\Debug\Frame Data\Frame 342.txt">
      <Filter>Resource Files</Filter>
    </Text>
    <Text Include="..\Debug\Frame Data\Frame 343.txt">
      <Filter>Resource Files</Filter>
    </Text>
    <Text Include="..\Debug\Frame Data\Frame 344.txt">
      <Filter>Resource Files</Filter>
    </Text>
    <Text Include="..\Debug\Frame Data\Frame 345.txt">
      <Filter>Resource Files</Filter>
    </Text>
    <Text Include="..\Debug\Frame Data\Frame 346.txt">
      <Filter>Resource Files</Filter>
    </Text>
    <Text Include="..\Debug\Frame Data\Frame 347.txt">
      <Filter>Resource Files</Filter>
    </Text>
    <Text Include="..\Debug\Frame Data\Frame 348.txt">
      <Filter>Resource Files</Filter>
    </Text>
    <Text Include="..\Debug\Frame Data\Frame 349.txt">
      <Filter>Resource Files</Filter>
    </Text>
    <Text Include="..\Debug\Frame Data\Frame 350.txt">
      <Filter>Resource Files</Filter>
    </Text>
    <Text Include="..\Debug\Frame Data\Frame 351.txt">
      <Filter>Resource Files</Filter>
    </Text>
    <Text Include="..\Debug\Frame Data\Frame 352.txt">
      <Filter>Resource Files</Filter>
    </Text>
    <Text Include="..\Debug\Frame Data\Frame 353.txt">
      <Filter>Resource Files</Filter>
    </Text>
    <Text Include="..\Debug\Frame Data\Frame 354.txt">
      <Filter>Resource Files</Filter>
    </Text>
    <Text Include="..\Debug\Frame Data\Frame 355.txt">
      <Filter>Resource Files</Filter>
    </Text>
    <Text Include="..\Debug\Frame Data\Frame 356.txt">
      <Filter>Resource Files</Filter>
    </Text>
    <Text Include="..\Debug\Frame Data\Frame 357.txt">
      <Filter>Resource Files</Filter>
    </Text>
    <Text Include="..\Debug\Frame Data\Frame 358.txt">
      <Filter>Resource Files</Filter>
    </Text>
    <Text Include="..\Debug\Frame Data\Frame 359.txt">
      <Filter>Resource Files</Filter>
    </Text>
    <Text Include="..\Debug\Frame Data\Frame 360.txt">
      <Filter>Resource Files</Filter>
    </Text>
    <Text Include="..\Debug\Frame Data\Frame 361.txt">
      <Filter>Resource Files</Filter>
    </Text>
    <Text Include="..\Debug\Frame Data\Frame 362.txt">
      <Filter>Resource Files</Filter>
    </Text>
    <Text Include="..\Debug\Frame Data\Frame 363.txt">
      <Filter>Resource Files</Filter>
    </Text>
    <Text Include="..\Debug\Frame Data\Frame 364.txt">
      <Filter>Resource Files</Filter>
    </Text>
    <Text Include="..\Debug\Frame Data\Frame 365.txt">
      <Filter>Resource Files</Filter>
    </Text>
    <Text Include="..\Debug\Frame Data\Frame 366.txt">
      <Filter>Resource Files</Filter>
    </Text>
    <Text Include="..\Debug\Frame Data\Frame 367.txt">
      <Filter>Resource Files</Filter>
    </Text>
    <Text Include="..\Debug\Frame Data\Frame 368.txt">
      <Filter>Resource Files</Filter>
    </Text>
    <Text Include="..\Debug\Frame Data\Frame 369.txt">
      <Filter>Resource Files</Filter>
    </Text>
    <Text Include="..\Debug\Frame Data\Frame 370.txt">
      <Filter>Resource Files</Filter>
    </Text>
    <Text Include="..\Debug\Frame Data\Frame 371.txt">
      <Filter>Resource Files</Filter>
    </Text>
    <Text Include="..\Debug\Frame Data\Frame 372.txt">
      <Filter>Resource Files</Filter>
    </Text>
    <Text Include="..\Debug\Frame Data\Frame 373.txt">
      <Filter>Resource Files</Filter>
    </Text>
    <Text Include="..\Debug\Frame Data\Frame 374.txt">
      <Filter>Resource Files</Filter>
    </Text>
    <Text Include="..\Debug\Frame Data\Frame 375.txt">
      <Filter>Resource Files</Filter>
    </Text>
    <Text Include="..\Debug\Frame Data\Frame 376.txt">
      <Filter>Resource Files</Filter>
    </Text>
    <Text Include="..\Debug\Frame Data\Frame 377.txt">
      <Filter>Resource Files</Filter>
    </Text>
    <Text Include="..\Debug\Frame Data\Frame 378.txt">
      <Filter>Resource Files</Filter>
    </Text>
    <Text Include="..\Debug\Frame Data\Frame 379.txt">
      <Filter>Resource Files</Filter>
    </Text>
    <Text Include="..\Debug\Frame Data\Frame 380.txt">
      <Filter>Resource Files</Filter>
    </Text>
    <Text Include="..\Debug\Frame Data\Frame 381.txt">
      <Filter>Resource Files</Filter>
    </Text>
    <Text Include="..\Debug\Frame Data\Frame 382.txt">
      <Filter>Resource Files</Filter>
    </Text>
    <Text Include="..\Debug\Frame Data\Frame 383.txt">
      <Filter>Resource Files</Filter>
    </Text>
    <Text Include="..\Debug\Frame Data\Frame 384.txt">
      <Filter>Resource Files</Filter>
    </Text>
    <Text Include="..\Debug\Frame Data\Frame 385.txt">
      <Filter>Resource Files</Filter>
    </Text>
    <Text Include="..\Debug\Frame Data\Frame 386.txt">
      <Filter>Resource Files</Filter>
    </Text>
    <Text Include="..\Debug\Frame Data\Frame 387.txt">
      <Filter>Resource Files</Filter>
    </Text>
    <Text Include="..\Debug\Frame Data\Frame 388.txt">
      <Filter>Resource Files</Filter>
    </Text>
    <Text Include="..\Debug\Frame Data\Frame 389.txt">
      <Filter>Resource Files</Filter>
    </Text>
    <Text Include="..\Debug\Frame Data\Frame 390.txt">
      <Filter>Resource Files</Filter>
    </Text>
    <Text Include="..\Debug\Frame Data\Frame 391.txt">
      <Filter>Resource Files</Filter>
    </Text>
    <Text Include="..\Debug\Frame Data\Frame 392.txt">
      <Filter>Resource Files</Filter>
    </Text>
    <Text Include="..\Debug\Frame Data\Frame 393.txt">
      <Filter>Resource Files</Filter>
    </Text>
    <Text Include="..\Debug\Frame Data\Frame 394.txt">
      <Filter>Resource Files</Filter>
    </Text>
    <Text Include="..\Debug\Frame Data\Frame 395.txt">
      <Filter>Resource Files</Filter>
    </Text>
    <Text Include="..\Debug\Frame Data\Frame 396.txt">
      <Filter>Resource Files</Filter>
    </Text>
    <Text Include="..\Debug\Frame Data\Frame 397.txt">
      <Filter>Resource Files</Filter>
    </Text>
    <Text Include="..\Debug\Frame Data\Frame 398.txt">
      <Filter>Resource Files</Filter>
    </Text>
    <Text Include="..\Debug\Frame Data\Frame 399.txt">
      <Filter>Resource Files</Filter>
    </Text>
    <Text Include="..\Debug\Frame Data\Frame 400.txt">
      <Filter>Resource Files</Filter>
    </Text>
    <Text Include="..\Debug\Frame Data\Frame 401.txt">
      <Filter>Resource Files</Filter>
    </Text>
    <Text Include="..\Debug\Frame Data\Frame 402.txt">
      <Filter>Resource Files</Filter>
    </Text>
    <Text Include="..\Debug\Frame Data\Frame 403.txt">
      <Filter>Resource Files</Filter>
    </Text>
    <Text Include="..\Debug\Frame Data\Frame 404.txt">
      <Filter>Resource Files</Filter>
    </Text>
    <Text Include="..\Debug\Frame Data\Frame 405.txt">
      <Filter>Resource Files</Filter>
    </Text>
    <Text Include="..\Debug\Frame Data\Frame 406.txt">
      <Filter>Resource Files</Filter>
    </Text>
    <Text Include="..\Debug\Frame Data\Frame 407.txt">
      <Filter>Resource Files</Filter>
    </Text>
    <Text Include="..\Debug\Frame Data\Frame 408.txt">
      <Filter>Resource Files</Filter>
    </Text>
    <Text Include="..\Debug\Frame Data\Frame 409.txt">
      <Filter>Resource Files</Filter>
    </Text>
    <Text Include="..\Debug\Frame Data\Frame 410.txt">
      <Filter>Resource Files</Filter>
    </Text>
    <Text Include="..\Debug\Frame Data\Frame 411.txt">
      <Filter>Resource Files</Filter>
    </Text>
    <Text Include="..\Debug\Frame Data\Frame 412.txt">
      <Filter>Resource Files</Filter>
    </Text>
    <Text Include="..\Debug\Frame Data\Frame 413.txt">
      <Filter>Resource Files</Filter>
    </Text>
    <Text Include="..\Debug\Frame Data\Frame 414.txt">
      <Filter>Resource Files</Filter>
    </Text>
    <Text Include="..\Debug\Frame Data\Frame 415.txt">
      <Filter>Resource Files</Filter>
    </Text>
    <Text Include="..\Debug\Frame Data\Frame 416.txt">
      <Filter>Resource Files</Filter>
    </Text>
    <Text Include="..\Debug\Frame Data\Frame 417.txt">
      <Filter>Resource Files</Filter>
    </Text>
    <Text Include="..\Debug\Frame Data\Frame 418.txt">
      <Filter>Resource Files</Filter>
    </Text>
    <Text Include="..\Debug\Frame Data\Frame 419.txt">
      <Filter>Resource Files</Filter>
    </Text>
    <Text Include="..\Debug\Frame Data\Frame 420.txt">
      <Filter>Resource Files</Filter>
    </Text>
    <Text Include="..\Debug\Frame Data\Frame 421.txt">
      <Filter>Resource Files</Filter>
    </Text>
    <Text Include="..\Debug\Frame Data\Frame 422.txt">
      <Filter>Resource Files</Filter>
    </Text>
    <Text Include="..\Debug\Frame Data\Frame 423.txt">
      <Filter>Resource Files</Filter>
    </Text>
    <Text Include="..\Debug\Frame Data\Frame 424.txt">
      <Filter>Resource Files</Filter>
    </Text>
    <Text Include="..\Debug\Frame Data\Frame 425.txt">
      <Filter>Resource Files</Filter>
    </Text>
    <Text Include="..\Debug\Frame Data\Frame 426.txt">
      <Filter>Resource Files</Filter>
    </Text>
    <Text Include="..\Debug\Frame Data\Frame 427.txt">
      <Filter>Resource Files</Filter>
    </Text>
    <Text Include="..\Debug\Frame Data\Frame 428.txt">
      <Filter>Resource Files</Filter>
    </Text>
    <Text Include="..\Debug\Frame Data\Frame 429.txt">
      <Filter>Resource Files</Filter>
    </Text>
    <Text Include="..\Debug\Frame Data\Frame 430.txt">
      <Filter>Resource Files</Filter>
    </Text>
    <Text Include="..\Debug\Frame Data\Frame 431.txt">
      <Filter>Resource Files</Filter>
    </Text>
    <Text Include="..\Debug\Frame Data\Frame 432.txt">
      <Filter>Resource Files</Filter>
    </Text>
    <Text Include="..\Debug\Frame Data\Frame 433.txt">
      <Filter>Resource Files</Filter>
    </Text>
    <Text Include="..\Debug\Frame Data\Frame 434.txt">
      <Filter>Resource Files</Filter>
    </Text>
    <Text Include="..\Debug\Frame Data\Frame 435.txt">
      <Filter>Resource Files</Filter>
    </Text>
    <Text Include="..\Debug\Frame Data\Frame 436.txt">
      <Filter>Resource Files</Filter>
    </Text>
    <Text Include="..\Debug\Frame Data\Frame 437.txt">
      <Filter>Resource Files</Filter>
    </Text>
    <Text Include="..\Debug\Frame Data\Frame 438.txt">
      <Filter>Resource Files</Filter>
    </Text>
    <Text Include="..\Debug\Frame Data\Frame 439.txt">
      <Filter>Resource Files</Filter>
    </Text>
    <Text Include="..\Debug\Frame Data\Frame 440.txt">
      <Filter>Resource Files</Filter>
    </Text>
    <Text Include="..\Debug\Frame Data\Frame 441.txt">
      <Filter>Resource Files</Filter>
    </Text>
    <Text Include="..\Debug\Frame Data\Frame 442.txt">
      <Filter>Resource Files</Filter>
    </Text>
    <Text Include="..\Debug\Frame Data\Frame 443.txt">
      <Filter>Resource Files</Filter>
    </Text>
    <Text Include="..\Debug\Frame Data\Frame 444.txt">
      <Filter>Resource Files</Filter>
    </Text>
    <Text Include="..\Debug\Frame Data\Frame 445.txt">
      <Filter>Resource Files</Filter>
    </Text>
    <Text Include="..\Debug\Frame Data\Frame 446.txt">
      <Filter>Resource Files</Filter>
    </Text>
    <Text Include="..\Debug\Frame Data\Frame 447.txt">
      <Filter>Resource Files</Filter>
    </Text>
    <Text Include="..\Debug\Frame Data\Frame 448.txt">
      <Filter>Resource Files</Filter>
    </Text>
    <Text Include="..\Debug\Frame Data\Frame 449.txt">
      <Filter>Resource Files</Filter>
    </Text>
    <Text Include="..\Debug\Frame Data\Frame 450.txt">
      <Filter>Resource Files</Filter>
    </Text>
    <Text Include="..\Debug\Frame Data\Frame 451.txt">
      <Filter>Resource Files</Filter>
    </Text>
    <Text Include="..\Debug\Frame Data\Frame 452.txt">
      <Filter>Resource Files</Filter>
    </Text>
    <Text Include="..\Debug\Frame Data\Frame 453.txt">
      <Filter>Resource Files</Filter>
    </Text>
    <Text Include="..\Debug\Frame Data\Frame 454.txt">
      <Filter>Resource Files</Filter>
    </Text>
    <Text Include="..\Debug\Frame Data\Frame 455.txt">
      <Filter>Resource Files</Filter>
    </Text>
    <Text Include="..\Debug\Frame Data\Frame 456.txt">
      <Filter>Resource Files</Filter>
    </Text>
    <Text Include="..\Debug\Frame Data\Frame 457.txt">
      <Filter>Resource Files</Filter>
    </Text>
    <Text Include="..\Debug\Frame Data\Frame 458.txt">
      <Filter>Resource Files</Filter>
    </Text>
    <Text Include="..\Debug\Frame Data\Frame 459.txt">
      <Filter>Resource Files</Filter>
    </Text>
    <Text Include="..\Debug\Frame Data\Frame 460.txt">
      <Filter>Resource Files</Filter>
    </Text>
    <Text Include="..\Debug\Frame Data\Frame 461.txt">
      <Filter>Resource Files</Filter>
    </Text>
    <Text Include="..\Debug\Frame Data\Frame 462.txt">
      <Filter>Resource Files</Filter>
    </Text>
    <Text Include="..\Debug\Frame Data\Frame 463.txt">
      <Filter>Resource Files</Filter>
    </Text>
    <Text Include="..\Debug\Frame Data\Frame 464.txt">
      <Filter>Resource Files</Filter>
    </Text>
    <Text Include="..\Debug\Frame Data\Frame 465.txt">
      <Filter>Resource Files</Filter>
    </Text>
    <Text Include="..\Debug\Frame Data\Frame 466.txt">
      <Filter>Resource Files</Filter>
    </Text>
    <Text Include="..\Debug\Frame Data\Frame 467.txt">
      <Filter>Resource Files</Filter>
    </Text>
    <Text Include="..\Debug\Frame Data\Frame 468.txt">
      <Filter>Resource Files</Filter>
    </Text>
    <Text Include="..\Debug\Frame Data\Frame 469.txt">
      <Filter>Resource Files</Filter>
    </Text>
    <Text Include="..\Debug\Frame Data\Frame 470.txt">
      <Filter>Resource Files</Filter>
    </Text>
    <Text Include="..\Debug\Frame Data\Frame 471.txt">
      <Filter>Resource Files</Filter>
    </Text>
    <Text Include="..\Debug\Frame Data\Frame 472.txt">
      <Filter>Resource Files</Filter>
    </Text>
    <Text Include="..\Debug\Frame Data\Frame 473.txt">
      <Filter>Resource Files</Filter>
    </Text>
    <Text Include="..\Debug\Frame Data\Frame 474.txt">
      <Filter>Resource Files</Filter>
    </Text>
    <Text Include="..\Debug\Frame Data\Frame 475.txt">
      <Filter>Resource Files</Filter>
    </Text>
    <Text Include="..\Debug\Frame Data\Frame 476.txt">
      <Filter>Resource Files</Filter>
    </Text>
    <Text Include="..\Debug\Frame Data\Frame 477.txt">
      <Filter>Resource Files</Filter>
    </Text>
    <Text Include="..\Debug\Frame Data\Frame 478.txt">
      <Filter>Resource Files</Filter>
    </Text>
    <Text Include="..\Debug\Frame Data\Frame 479.txt">
      <Filter>Resource Files</Filter>
    </Text>
    <Text Include="..\Debug\Frame Data\Frame 480.txt">
      <Filter>Resource Files</Filter>
    </Text>
    <Text Include="..\Debug\Frame Data\Frame 481.txt">
      <Filter>Resource Files</Filter>
    </Text>
    <Text Include="..\Debug\Frame Data\Frame 482.txt">
      <Filter>Resource Files</Filter>
    </Text>
    <Text Include="..\Debug\Frame Data\Frame 483.txt">
      <Filter>Resource Files</Filter>
    </Text>
    <Text Include="..\Debug\Frame Data\Frame 484.txt">
      <Filter>Resource Files</Filter>
    </Text>
    <Text Include="..\Debug\Frame Data\Frame 485.txt">
      <Filter>Resource Files</Filter>
    </Text>
    <Text Include="..\Debug\Frame Data\Frame 486.txt">
      <Filter>Resource Files</Filter>
    </Text>
    <Text Include="..\Debug\Frame Data\Frame 487.txt">
      <Filter>Resource Files</Filter>
    </Text>
    <Text Include="..\Debug\Frame Data\Frame 488.txt">
      <Filter>Resource Files</Filter>
    </Text>
    <Text Include="..\Debug\Frame Data\Frame 489.txt">
      <Filter>Resource Files</Filter>
    </Text>
    <Text Include="..\Debug\Frame Data\Frame 490.txt">
      <Filter>Resource Files</Filter>
    </Text>
    <Text Include="..\Debug\Frame Data\Frame 491.txt">
      <Filter>Resource Files</Filter>
    </Text>
    <Text Include="..\Debug\Frame Data\Frame 492.txt">
      <Filter>Resource Files</Filter>
    </Text>
    <Text Include="..\Debug\Frame Data\Frame 493.txt">
      <Filter>Resource Files</Filter>
    </Text>
    <Text Include="..\Debug\Frame Data\Frame 494.txt">
      <Filter>Resource Files</Filter>
    </Text>
    <Text Include="..\Debug\Frame Data\Frame 495.txt">
      <Filter>Resource Files</Filter>
    </Text>
    <Text Include="..\Debug\Frame Data\Frame 496.txt">
      <Filter>Resource Files</Filter>
    </Text>
    <Text Include="..\Debug\Frame Data\Frame 497.txt">
      <Filter>Resource Files</Filter>
    </Text>
    <Text Include="..\Debug\Frame Data\Frame 498.txt">
      <Filter>Resource Files</Filter>
    </Text>
    <Text Include="..\Debug\Frame Data\Frame 499.txt">
      <Filter>Resource Files</Filter>
    </Text>
    <Text Include="..\Debug\Frame Data\Frame 500.txt">
      <Filter>Resource Files</Filter>
    </Text>
    <Text Include="..\Debug\Frame Data\Frame 501.txt">
      <Filter>Resource Files</Filter>
    </Text>
    <Text Include="..\Debug\Frame Data\Frame 502.txt">
      <Filter>Resource Files</Filter>
    </Text>
    <Text Include="..\Debug\Frame Data\Frame 503.txt">
      <Filter>Resource Files</Filter>
    </Text>
    <Text Include="..\Debug\Frame Data\Frame 504.txt">
      <Filter>Resource Files</Filter>
    </Text>
    <Text Include="..\Debug\Frame Data\Frame 505.txt">
      <Filter>Resource Files</Filter>
    </Text>
    <Text Include="..\Debug\Frame Data\Frame 1.txt">
      <Filter>Resource Files</Filter>
    </Text>
    <Text Include="..\Debug\Frame Data\Frame 2.txt">
      <Filter>Resource Files</Filter>
    </Text>
    <Text Include="..\Debug\Frame Data\Frame 3.txt">
      <Filter>Resource Files</Filter>
    </Text>
    <Text Include="..\Debug\Frame Data\Frame 4.txt">
      <Filter>Resource Files</Filter>
    </Text>
    <Text Include="..\Debug\Frame Data\Frame 5.txt">
      <Filter>Resource Files</Filter>
    </Text>
    <Text Include="..\Debug\Frame Data\Frame 6.txt">
      <Filter>Resource Files</Filter>
    </Text>
    <Text Include="..\Debug\Frame Data\Frame 7.txt">
      <Filter>Resource Files</Filter>
    </Text>
  </ItemGroup>
</Project>